
Microsoft Visual Studio Solution File, Format Version 12.00
# Visual Studio Version 16
VisualStudioVersion = 16.0.29709.97
MinimumVisualStudioVersion = 10.0.40219.1
Project("{9A19103F-16F7-4668-BE54-9A1E7A4F7556}") = "OverlyComplexWordSearchSolver", "OverlyComplexWordSearchSolver\OverlyComplexWordSearchSolver.csproj", "{D6DB12CC-2687-427D-A990-FEB63CEEF32A}"
EndProject
Project("{2150E333-8FDC-42A3-9474-1A3956D46DE8}") = "src", "src", "{BE1DBB8C-647F-40F5-B602-BBA518C3427D}"
EndProject
Project("{2150E333-8FDC-42A3-9474-1A3956D46DE8}") = "test", "test", "{41B75F5F-AECE-4D6E-AFD1-60487CC70C97}"
EndProject
Global
	GlobalSection(SolutionConfigurationPlatforms) = preSolution
		Debug|Any CPU = Debug|Any CPU
		Release|Any CPU = Release|Any CPU
	EndGlobalSection
	GlobalSection(ProjectConfigurationPlatforms) = postSolution
		{D6DB12CC-2687-427D-A990-FEB63CEEF32A}.Debug|Any CPU.ActiveCfg = Debug|Any CPU
		{D6DB12CC-2687-427D-A990-FEB63CEEF32A}.Debug|Any CPU.Build.0 = Debug|Any CPU
		{D6DB12CC-2687-427D-A990-FEB63CEEF32A}.Release|Any CPU.ActiveCfg = Release|Any CPU
		{D6DB12CC-2687-427D-A990-FEB63CEEF32A}.Release|Any CPU.Build.0 = Release|Any CPU
	EndGlobalSection
	GlobalSection(SolutionProperties) = preSolution
		HideSolutionNode = FALSE
	EndGlobalSection
	GlobalSection(NestedProjects) = preSolution
		{D6DB12CC-2687-427D-A990-FEB63CEEF32A} = {BE1DBB8C-647F-40F5-B602-BBA518C3427D}
	EndGlobalSection
	GlobalSection(ExtensibilityGlobals) = postSolution
		SolutionGuid = {FBA70FAE-41FE-461A-860D-4A221E92B86B}
	EndGlobalSection
EndGlobal
